Microsoft Visual Studio Solution File, Format Version 12.00
# Visual Studio Version 17
VisualStudioVersion = 17.5.2.0
MinimumVisualStudioVersion = 10.0.40219.1
Project("{FAE04EC0-301F-11D3-BF4B-00C04F79EFBC}") = "wenAPIProducto", "wenAPIProducto.csproj", "{92539571-5510-0F79-0DB5-ACCE3582AFCB}"
EndProject
Global
	GlobalSection(SolutionConfigurationPlatforms) = preSolution
		Debug|Any CPU = Debug|Any CPU
		Release|Any CPU = Release|Any CPU
	EndGlobalSection
	GlobalSection(ProjectConfigurationPlatforms) = postSolution
		{92539571-5510-0F79-0DB5-ACCE3582AFCB}.Debug|Any CPU.ActiveCfg = Debug|Any CPU
		{92539571-5510-0F79-0DB5-ACCE3582AFCB}.Debug|Any CPU.Build.0 = Debug|Any CPU
		{92539571-5510-0F79-0DB5-ACCE3582AFCB}.Release|Any CPU.ActiveCfg = Release|Any CPU
		{92539571-5510-0F79-0DB5-ACCE3582AFCB}.Release|Any CPU.Build.0 = Release|Any CPU
	EndGlobalSection
	GlobalSection(SolutionProperties) = preSolution
		HideSolutionNode = FALSE
	EndGlobalSection
	GlobalSection(ExtensibilityGlobals) = postSolution
		SolutionGuid = {6E6A00E0-7BF3-49A9-A754-16BE86E26F46}
	EndGlobalSection
EndGlobal
